
Microsoft Visual Studio Solution File, Format Version 12.00
# Visual Studio Version 16
VisualStudioVersion = 16.0.31729.503
MinimumVisualStudioVersion = 10.0.40219.1
Project("{9A19103F-16F7-4668-BE54-9A1E7A4F7556}") = "HelloWorld", "HelloWorld\HelloWorld.csproj", "{D3679205-C1C3-432F-BB2E-CD56EA0EA549}"
EndProject
Project("{9A19103F-16F7-4668-BE54-9A1E7A4F7556}") = "Types", "Types\Types.csproj", "{C1219D4B-B60A-429B-8718-B0AE98B9703A}"
EndProject
Project("{9A19103F-16F7-4668-BE54-9A1E7A4F7556}") = "Enums", "Enums\Enums.csproj", "{39BB7C0D-B433-4830-9F06-966EFF416DE6}"
EndProject
Project("{9A19103F-16F7-4668-BE54-9A1E7A4F7556}") = "TypeConversions", "TypeConversions\TypeConversions.csproj", "{86D03784-BB47-43CC-A634-5C94C366DDF0}"
EndProject
Project("{9A19103F-16F7-4668-BE54-9A1E7A4F7556}") = "Operators", "Operators\Operators.csproj", "{F4BD8D62-7CA2-4979-BB50-5A31A108C8F5}"
EndProject
Project("{9A19103F-16F7-4668-BE54-9A1E7A4F7556}") = "ComparisonOperators", "ComparisonOperators\ComparisonOperators.csproj", "{CC938DEE-6915-440C-BB69-CBCD2E712100}"
EndProject
Project("{9A19103F-16F7-4668-BE54-9A1E7A4F7556}") = "ControlFlow", "ControlFlow\ControlFlow.csproj", "{95B9E225-9675-49E8-BCE9-29093FAC82BF}"
EndProject
Project("{9A19103F-16F7-4668-BE54-9A1E7A4F7556}") = "Loop", "Loop\Loop.csproj", "{B3696ED9-97A6-4689-8326-E5D536A9B943}"
EndProject
Project("{9A19103F-16F7-4668-BE54-9A1E7A4F7556}") = "SalaryCalculator", "SalaryCalculator\SalaryCalculator.csproj", "{B5A422F7-0D04-4A1E-BA50-1850E33FFCB1}"
EndProject
Project("{9A19103F-16F7-4668-BE54-9A1E7A4F7556}") = "Methods", "Methods\Methods.csproj", "{898993FC-51C9-4B65-8DCF-BC9B18761162}"
EndProject
Project("{9A19103F-16F7-4668-BE54-9A1E7A4F7556}") = "Arrays", "Arrays\Arrays.csproj", "{998A2927-3768-4787-9D31-C5F846E2F39D}"
EndProject
Project("{9A19103F-16F7-4668-BE54-9A1E7A4F7556}") = "Lists", "Lists\Lists.csproj", "{826F37C8-5ABD-4092-9A65-CA92118FC0DE}"
EndProject
Project("{9A19103F-16F7-4668-BE54-9A1E7A4F7556}") = "Classes", "Classes\Classes.csproj", "{C461EA99-FBB0-4E7F-B05A-AA74108DECFF}"
EndProject
Project("{9A19103F-16F7-4668-BE54-9A1E7A4F7556}") = "SmartphoneConsoleClient", "SmartphoneConsoleClient\SmartphoneConsoleClient.csproj", "{41E08510-C59D-4BC7-ADD1-5C786F63B411}"
EndProject
Project("{9A19103F-16F7-4668-BE54-9A1E7A4F7556}") = "Inheritence", "Inheritence\Inheritence.csproj", "{0B66ADA0-313B-496E-9B98-99FA149432A9}"
EndProject
Project("{FAE04EC0-301F-11D3-BF4B-00C04F79EFBC}") = "Html", "Html\Html.csproj", "{57A0AA79-EEAA-43A0-926C-85B9379963A2}"
EndProject
Project("{FAE04EC0-301F-11D3-BF4B-00C04F79EFBC}") = "Delegates", "Delegates\Delegates.csproj", "{F379A683-1A54-4E8C-875B-C9B91EE0DD7C}"
EndProject
Project("{FAE04EC0-301F-11D3-BF4B-00C04F79EFBC}") = "LinqExample", "LinqExample\LinqExample.csproj", "{6D0BC7F2-D53D-4B28-8929-92571A515B38}"
EndProject
Project("{FAE04EC0-301F-11D3-BF4B-00C04F79EFBC}") = "ExtensionMethods", "ExtensionMethods\ExtensionMethods.csproj", "{45642A94-2DCA-42B3-987D-54C5F78E195D}"
EndProject
Project("{FAE04EC0-301F-11D3-BF4B-00C04F79EFBC}") = "ValueAndReferenceTypes", "ValueAndReferenceTypes\ValueAndReferenceTypes.csproj", "{B2B70978-C79D-4338-A904-981F82478E62}"
EndProject
Global
	GlobalSection(SolutionConfigurationPlatforms) = preSolution
		Debug|Any CPU = Debug|Any CPU
		Release|Any CPU = Release|Any CPU
	EndGlobalSection
	GlobalSection(ProjectConfigurationPlatforms) = postSolution
		{D3679205-C1C3-432F-BB2E-CD56EA0EA549}.Debug|Any CPU.ActiveCfg = Debug|Any CPU
		{D3679205-C1C3-432F-BB2E-CD56EA0EA549}.Debug|Any CPU.Build.0 = Debug|Any CPU
		{D3679205-C1C3-432F-BB2E-CD56EA0EA549}.Release|Any CPU.ActiveCfg = Release|Any CPU
		{D3679205-C1C3-432F-BB2E-CD56EA0EA549}.Release|Any CPU.Build.0 = Release|Any CPU
		{C1219D4B-B60A-429B-8718-B0AE98B9703A}.Debug|Any CPU.ActiveCfg = Debug|Any CPU
		{C1219D4B-B60A-429B-8718-B0AE98B9703A}.Debug|Any CPU.Build.0 = Debug|Any CPU
		{C1219D4B-B60A-429B-8718-B0AE98B9703A}.Release|Any CPU.ActiveCfg = Release|Any CPU
		{C1219D4B-B60A-429B-8718-B0AE98B9703A}.Release|Any CPU.Build.0 = Release|Any CPU
		{39BB7C0D-B433-4830-9F06-966EFF416DE6}.Debug|Any CPU.ActiveCfg = Debug|Any CPU
		{39BB7C0D-B433-4830-9F06-966EFF416DE6}.Debug|Any CPU.Build.0 = Debug|Any CPU
		{39BB7C0D-B433-4830-9F06-966EFF416DE6}.Release|Any CPU.ActiveCfg = Release|Any CPU
		{39BB7C0D-B433-4830-9F06-966EFF416DE6}.Release|Any CPU.Build.0 = Release|Any CPU
		{86D03784-BB47-43CC-A634-5C94C366DDF0}.Debug|Any CPU.ActiveCfg = Debug|Any CPU
		{86D03784-BB47-43CC-A634-5C94C366DDF0}.Debug|Any CPU.Build.0 = Debug|Any CPU
		{86D03784-BB47-43CC-A634-5C94C366DDF0}.Release|Any CPU.ActiveCfg = Release|Any CPU
		{86D03784-BB47-43CC-A634-5C94C366DDF0}.Release|Any CPU.Build.0 = Release|Any CPU
		{F4BD8D62-7CA2-4979-BB50-5A31A108C8F5}.Debug|Any CPU.ActiveCfg = Debug|Any CPU
		{F4BD8D62-7CA2-4979-BB50-5A31A108C8F5}.Debug|Any CPU.Build.0 = Debug|Any CPU
		{F4BD8D62-7CA2-4979-BB50-5A31A108C8F5}.Release|Any CPU.ActiveCfg = Release|Any CPU
		{F4BD8D62-7CA2-4979-BB50-5A31A108C8F5}.Release|Any CPU.Build.0 = Release|Any CPU
		{CC938DEE-6915-440C-BB69-CBCD2E712100}.Debug|Any CPU.ActiveCfg = Debug|Any CPU
		{CC938DEE-6915-440C-BB69-CBCD2E712100}.Debug|Any CPU.Build.0 = Debug|Any CPU
		{CC938DEE-6915-440C-BB69-CBCD2E712100}.Release|Any CPU.ActiveCfg = Release|Any CPU
		{CC938DEE-6915-440C-BB69-CBCD2E712100}.Release|Any CPU.Build.0 = Release|Any CPU
		{95B9E225-9675-49E8-BCE9-29093FAC82BF}.Debug|Any CPU.ActiveCfg = Debug|Any CPU
		{95B9E225-9675-49E8-BCE9-29093FAC82BF}.Debug|Any CPU.Build.0 = Debug|Any CPU
		{95B9E225-9675-49E8-BCE9-29093FAC82BF}.Release|Any CPU.ActiveCfg = Release|Any CPU
		{95B9E225-9675-49E8-BCE9-29093FAC82BF}.Release|Any CPU.Build.0 = Release|Any CPU
		{B3696ED9-97A6-4689-8326-E5D536A9B943}.Debug|Any CPU.ActiveCfg = Debug|Any CPU
		{B3696ED9-97A6-4689-8326-E5D536A9B943}.Debug|Any CPU.Build.0 = Debug|Any CPU
		{B3696ED9-97A6-4689-8326-E5D536A9B943}.Release|Any CPU.ActiveCfg = Release|Any CPU
		{B3696ED9-97A6-4689-8326-E5D536A9B943}.Release|Any CPU.Build.0 = Release|Any CPU
		{B5A422F7-0D04-4A1E-BA50-1850E33FFCB1}.Debug|Any CPU.ActiveCfg = Debug|Any CPU
		{B5A422F7-0D04-4A1E-BA50-1850E33FFCB1}.Debug|Any CPU.Build.0 = Debug|Any CPU
		{B5A422F7-0D04-4A1E-BA50-1850E33FFCB1}.Release|Any CPU.ActiveCfg = Release|Any CPU
		{B5A422F7-0D04-4A1E-BA50-1850E33FFCB1}.Release|Any CPU.Build.0 = Release|Any CPU
		{898993FC-51C9-4B65-8DCF-BC9B18761162}.Debug|Any CPU.ActiveCfg = Debug|Any CPU
		{898993FC-51C9-4B65-8DCF-BC9B18761162}.Debug|Any CPU.Build.0 = Debug|Any CPU
		{898993FC-51C9-4B65-8DCF-BC9B18761162}.Release|Any CPU.ActiveCfg = Release|Any CPU
		{898993FC-51C9-4B65-8DCF-BC9B18761162}.Release|Any CPU.Build.0 = Release|Any CPU
		{998A2927-3768-4787-9D31-C5F846E2F39D}.Debug|Any CPU.ActiveCfg = Debug|Any CPU
		{998A2927-3768-4787-9D31-C5F846E2F39D}.Debug|Any CPU.Build.0 = Debug|Any CPU
		{998A2927-3768-4787-9D31-C5F846E2F39D}.Release|Any CPU.ActiveCfg = Release|Any CPU
		{998A2927-3768-4787-9D31-C5F846E2F39D}.Release|Any CPU.Build.0 = Release|Any CPU
		{826F37C8-5ABD-4092-9A65-CA92118FC0DE}.Debug|Any CPU.ActiveCfg = Debug|Any CPU
		{826F37C8-5ABD-4092-9A65-CA92118FC0DE}.Debug|Any CPU.Build.0 = Debug|Any CPU
		{826F37C8-5ABD-4092-9A65-CA92118FC0DE}.Release|Any CPU.ActiveCfg = Release|Any CPU
		{826F37C8-5ABD-4092-9A65-CA92118FC0DE}.Release|Any CPU.Build.0 = Release|Any CPU
		{C461EA99-FBB0-4E7F-B05A-AA74108DECFF}.Debug|Any CPU.ActiveCfg = Debug|Any CPU
		{C461EA99-FBB0-4E7F-B05A-AA74108DECFF}.Debug|Any CPU.Build.0 = Debug|Any CPU
		{C461EA99-FBB0-4E7F-B05A-AA74108DECFF}.Release|Any CPU.ActiveCfg = Release|Any CPU
		{C461EA99-FBB0-4E7F-B05A-AA74108DECFF}.Release|Any CPU.Build.0 = Release|Any CPU
		{41E08510-C59D-4BC7-ADD1-5C786F63B411}.Debug|Any CPU.ActiveCfg = Debug|Any CPU
		{41E08510-C59D-4BC7-ADD1-5C786F63B411}.Debug|Any CPU.Build.0 = Debug|Any CPU
		{41E08510-C59D-4BC7-ADD1-5C786F63B411}.Release|Any CPU.ActiveCfg = Release|Any CPU
		{41E08510-C59D-4BC7-ADD1-5C786F63B411}.Release|Any CPU.Build.0 = Release|Any CPU
		{0B66ADA0-313B-496E-9B98-99FA149432A9}.Debug|Any CPU.ActiveCfg = Debug|Any CPU
		{0B66ADA0-313B-496E-9B98-99FA149432A9}.Debug|Any CPU.Build.0 = Debug|Any CPU
		{0B66ADA0-313B-496E-9B98-99FA149432A9}.Release|Any CPU.ActiveCfg = Release|Any CPU
		{0B66ADA0-313B-496E-9B98-99FA149432A9}.Release|Any CPU.Build.0 = Release|Any CPU
		{57A0AA79-EEAA-43A0-926C-85B9379963A2}.Debug|Any CPU.ActiveCfg = Debug|Any CPU
		{57A0AA79-EEAA-43A0-926C-85B9379963A2}.Debug|Any CPU.Build.0 = Debug|Any CPU
		{57A0AA79-EEAA-43A0-926C-85B9379963A2}.Release|Any CPU.ActiveCfg = Release|Any CPU
		{57A0AA79-EEAA-43A0-926C-85B9379963A2}.Release|Any CPU.Build.0 = Release|Any CPU
		{F379A683-1A54-4E8C-875B-C9B91EE0DD7C}.Debug|Any CPU.ActiveCfg = Debug|Any CPU
		{F379A683-1A54-4E8C-875B-C9B91EE0DD7C}.Debug|Any CPU.Build.0 = Debug|Any CPU
		{F379A683-1A54-4E8C-875B-C9B91EE0DD7C}.Release|Any CPU.ActiveCfg = Release|Any CPU
		{F379A683-1A54-4E8C-875B-C9B91EE0DD7C}.Release|Any CPU.Build.0 = Release|Any CPU
		{6D0BC7F2-D53D-4B28-8929-92571A515B38}.Debug|Any CPU.ActiveCfg = Debug|Any CPU
		{6D0BC7F2-D53D-4B28-8929-92571A515B38}.Debug|Any CPU.Build.0 = Debug|Any CPU
		{6D0BC7F2-D53D-4B28-8929-92571A515B38}.Release|Any CPU.ActiveCfg = Release|Any CPU
		{6D0BC7F2-D53D-4B28-8929-92571A515B38}.Release|Any CPU.Build.0 = Release|Any CPU
		{45642A94-2DCA-42B3-987D-54C5F78E195D}.Debug|Any CPU.ActiveCfg = Debug|Any CPU
		{45642A94-2DCA-42B3-987D-54C5F78E195D}.Debug|Any CPU.Build.0 = Debug|Any CPU
		{45642A94-2DCA-42B3-987D-54C5F78E195D}.Release|Any CPU.ActiveCfg = Release|Any CPU
		{45642A94-2DCA-42B3-987D-54C5F78E195D}.Release|Any CPU.Build.0 = Release|Any CPU
		{B2B70978-C79D-4338-A904-981F82478E62}.Debug|Any CPU.ActiveCfg = Debug|Any CPU
		{B2B70978-C79D-4338-A904-981F82478E62}.Debug|Any CPU.Build.0 = Debug|Any CPU
		{B2B70978-C79D-4338-A904-981F82478E62}.Release|Any CPU.ActiveCfg = Release|Any CPU
		{B2B70978-C79D-4338-A904-981F82478E62}.Release|Any CPU.Build.0 = Release|Any CPU
	EndGlobalSection
	GlobalSection(SolutionProperties) = preSolution
		HideSolutionNode = FALSE
	EndGlobalSection
	GlobalSection(ExtensibilityGlobals) = postSolution
		SolutionGuid = {CA5AD746-3E01-4C36-B1C1-89810070026D}
	EndGlobalSection
EndGlobal
